
Microsoft Visual Studio Solution File, Format Version 12.00
# Visual Studio 15
VisualStudioVersion = 15.0.27703.2035
MinimumVisualStudioVersion = 10.0.40219.1
Project("{FAE04EC0-301F-11D3-BF4B-00C04F79EFBC}") = "CheckinSystem", "CheckinSystem\CheckinSystem.csproj", "{C1F16AAD-94E0-4461-91DA-7DEAEBAFD606}"
EndProject
Project("{FAE04EC0-301F-11D3-BF4B-00C04F79EFBC}") = "CheckinSystem.Tests", "CheckinSystem.Tests\CheckinSystem.Tests.csproj", "{1E069C21-4DE7-4CE4-8CD7-13755222D709}"
EndProject
Global
	GlobalSection(SolutionConfigurationPlatforms) = preSolution
		Debug|Any CPU = Debug|Any CPU
		Release|Any CPU = Release|Any CPU
	EndGlobalSection
	GlobalSection(ProjectConfigurationPlatforms) = postSolution
		{C1F16AAD-94E0-4461-91DA-7DEAEBAFD606}.Debug|Any CPU.ActiveCfg = Debug|Any CPU
		{C1F16AAD-94E0-4461-91DA-7DEAEBAFD606}.Debug|Any CPU.Build.0 = Debug|Any CPU
		{C1F16AAD-94E0-4461-91DA-7DEAEBAFD606}.Release|Any CPU.ActiveCfg = Release|Any CPU
		{C1F16AAD-94E0-4461-91DA-7DEAEBAFD606}.Release|Any CPU.Build.0 = Release|Any CPU
		{1E069C21-4DE7-4CE4-8CD7-13755222D709}.Debug|Any CPU.ActiveCfg = Debug|Any CPU
		{1E069C21-4DE7-4CE4-8CD7-13755222D709}.Debug|Any CPU.Build.0 = Debug|Any CPU
		{1E069C21-4DE7-4CE4-8CD7-13755222D709}.Release|Any CPU.ActiveCfg = Release|Any CPU
		{1E069C21-4DE7-4CE4-8CD7-13755222D709}.Release|Any CPU.Build.0 = Release|Any CPU
	EndGlobalSection
	GlobalSection(SolutionProperties) = preSolution
		HideSolutionNode = FALSE
	EndGlobalSection
	GlobalSection(ExtensibilityGlobals) = postSolution
		SolutionGuid = {A8D715B9-9D53-4BDA-9311-CC0109F5FDDA}
	EndGlobalSection
EndGlobal
